
Microsoft Visual Studio Solution File, Format Version 12.00
# Visual Studio Version 17
VisualStudioVersion = 17.2.32630.192
MinimumVisualStudioVersion = 10.0.40219.1
Project("{FAE04EC0-301F-11D3-BF4B-00C04F79EFBC}") = "CurriculumVitae.Android", "CurriculumVitae\CurriculumVitae.Android\CurriculumVitae.Android.csproj", "{BB0FA45B-F858-406A-B807-AE53F1C488EC}"
EndProject
Project("{FAE04EC0-301F-11D3-BF4B-00C04F79EFBC}") = "CurriculumVitae", "CurriculumVitae\CurriculumVitae\CurriculumVitae.csproj", "{0D32A511-2177-4EFE-8AEC-E47B6D89B640}"
EndProject
Global
	GlobalSection(SolutionConfigurationPlatforms) = preSolution
		Debug|Any CPU = Debug|Any CPU
		Release|Any CPU = Release|Any CPU
	EndGlobalSection
	GlobalSection(ProjectConfigurationPlatforms) = postSolution
		{BB0FA45B-F858-406A-B807-AE53F1C488EC}.Debug|Any CPU.ActiveCfg = Debug|Any CPU
		{BB0FA45B-F858-406A-B807-AE53F1C488EC}.Debug|Any CPU.Build.0 = Debug|Any CPU
		{BB0FA45B-F858-406A-B807-AE53F1C488EC}.Debug|Any CPU.Deploy.0 = Debug|Any CPU
		{BB0FA45B-F858-406A-B807-AE53F1C488EC}.Release|Any CPU.ActiveCfg = Release|Any CPU
		{BB0FA45B-F858-406A-B807-AE53F1C488EC}.Release|Any CPU.Build.0 = Release|Any CPU
		{BB0FA45B-F858-406A-B807-AE53F1C488EC}.Release|Any CPU.Deploy.0 = Release|Any CPU
		{0D32A511-2177-4EFE-8AEC-E47B6D89B640}.Debug|Any CPU.ActiveCfg = Debug|Any CPU
		{0D32A511-2177-4EFE-8AEC-E47B6D89B640}.Debug|Any CPU.Build.0 = Debug|Any CPU
		{0D32A511-2177-4EFE-8AEC-E47B6D89B640}.Debug|Any CPU.Deploy.0 = Debug|Any CPU
		{0D32A511-2177-4EFE-8AEC-E47B6D89B640}.Release|Any CPU.ActiveCfg = Release|Any CPU
		{0D32A511-2177-4EFE-8AEC-E47B6D89B640}.Release|Any CPU.Build.0 = Release|Any CPU
		{0D32A511-2177-4EFE-8AEC-E47B6D89B640}.Release|Any CPU.Deploy.0 = Release|Any CPU
	EndGlobalSection
	GlobalSection(SolutionProperties) = preSolution
		HideSolutionNode = FALSE
	EndGlobalSection
	GlobalSection(ExtensibilityGlobals) = postSolution
		SolutionGuid = {C2084877-E2F6-4B7A-9112-1F4236E8F522}
	EndGlobalSection
EndGlobal
